// !$*UTF8*$!
{
	archiveVersion = 1;
	classes = {
	};
	objectVersion = 50;
	objects = {

/* Begin PBXBuildFile section */
		9926561C24E956AA006FD3C9 /* RacesResponse.swift in Sources */ = {isa = PBXBuildFile; fileRef = 9926561B24E956AA006FD3C9 /* RacesResponse.swift */; };
		9926561E24E959BF006FD3C9 /* SpellsReponse.swift in Sources */ = {isa = PBXBuildFile; fileRef = 9926561D24E959BF006FD3C9 /* SpellsReponse.swift */; };
		9927282324EAB47C00535E30 /* DiceTests.swift in Sources */ = {isa = PBXBuildFile; fileRef = 9927282224EAB47C00535E30 /* DiceTests.swift */; };
		9927282524EAB6A000535E30 /* HistoryTests.swift in Sources */ = {isa = PBXBuildFile; fileRef = 9927282424EAB6A000535E30 /* HistoryTests.swift */; };
		9927282624EAFD6700535E30 /* RpgDice.xcdatamodeld in Sources */ = {isa = PBXBuildFile; fileRef = 9970AA4C24E054510087C25F /* RpgDice.xcdatamodeld */; };
		992A0C2124E1C81E00289108 /* DndAPI.swift in Sources */ = {isa = PBXBuildFile; fileRef = 992A0C2024E1C81E00289108 /* DndAPI.swift */; };
		992A0C2324E1CA2C00289108 /* BaseResult.swift in Sources */ = {isa = PBXBuildFile; fileRef = 992A0C2224E1CA2C00289108 /* BaseResult.swift */; };
		992A0C2524E1CBE400289108 /* LibraryViewController.swift in Sources */ = {isa = PBXBuildFile; fileRef = 992A0C2424E1CBE400289108 /* LibraryViewController.swift */; };
		99315C9224E7F9C50021AEC0 /* MonstersBookViewController.swift in Sources */ = {isa = PBXBuildFile; fileRef = 99315C9124E7F9C50021AEC0 /* MonstersBookViewController.swift */; };
		99315C9424E7FBFF0021AEC0 /* MonsterResponse.swift in Sources */ = {isa = PBXBuildFile; fileRef = 99315C9324E7FBFF0021AEC0 /* MonsterResponse.swift */; };
		993C15E824E40983007B8376 /* AbilitiesBookViewController.swift in Sources */ = {isa = PBXBuildFile; fileRef = 993C15E724E40983007B8376 /* AbilitiesBookViewController.swift */; };
		993C15EA24E42F14007B8376 /* Category.swift in Sources */ = {isa = PBXBuildFile; fileRef = 993C15E924E42F14007B8376 /* Category.swift */; };
		993C15EC24E42F2A007B8376 /* ClassResponse.swift in Sources */ = {isa = PBXBuildFile; fileRef = 993C15EB24E42F2A007B8376 /* ClassResponse.swift */; };
		9970AA4E24E054510087C25F /* RpgDice.xcdatamodeld in Sources */ = {isa = PBXBuildFile; fileRef = 9970AA4C24E054510087C25F /* RpgDice.xcdatamodeld */; };
		9970AA5124E054FA0087C25F /* DataController.swift in Sources */ = {isa = PBXBuildFile; fileRef = 9970AA5024E054FA0087C25F /* DataController.swift */; };
		9970AA5324E055A90087C25F /* FirstViewController.swift in Sources */ = {isa = PBXBuildFile; fileRef = 9970AA5224E055A90087C25F /* FirstViewController.swift */; };
		99760F8324E96412002D1390 /* RacesBookViewController.swift in Sources */ = {isa = PBXBuildFile; fileRef = 99760F8224E96412002D1390 /* RacesBookViewController.swift */; };
		99760F8524E976EB002D1390 /* SpellsBookViewController.swift in Sources */ = {isa = PBXBuildFile; fileRef = 99760F8424E976EB002D1390 /* SpellsBookViewController.swift */; };
		997EEFD324E4799500E95190 /* EquipmentResponse.swift in Sources */ = {isa = PBXBuildFile; fileRef = 997EEFD224E4799500E95190 /* EquipmentResponse.swift */; };
		997EEFD524E47A8000E95190 /* EquipBookViewController.swift in Sources */ = {isa = PBXBuildFile; fileRef = 997EEFD424E47A8000E95190 /* EquipBookViewController.swift */; };
		9983055024F436DF00A228DC /* LibraryTests.swift in Sources */ = {isa = PBXBuildFile; fileRef = 9983054F24F436DF00A228DC /* LibraryTests.swift */; };
		99A11FA124E432370076E6D3 /* ClassesBookViewController.swift in Sources */ = {isa = PBXBuildFile; fileRef = 99A11FA024E432370076E6D3 /* ClassesBookViewController.swift */; };
		99AB9E5C24E3F3EB00D59A8F /* LinkedList.swift in Sources */ = {isa = PBXBuildFile; fileRef = 99AB9E5B24E3F3EB00D59A8F /* LinkedList.swift */; };
		99AB9E5F24E4024D00D59A8F /* AbilityScores.swift in Sources */ = {isa = PBXBuildFile; fileRef = 99AB9E5E24E4024D00D59A8F /* AbilityScores.swift */; };
		99C7978D24E0309A005C903E /* ResultsViewController.swift in Sources */ = {isa = PBXBuildFile; fileRef = 99C7978C24E0309A005C903E /* ResultsViewController.swift */; };
		99DEFB1424E05847006DAE22 /* HistoryViewController.swift in Sources */ = {isa = PBXBuildFile; fileRef = 99DEFB1324E05847006DAE22 /* HistoryViewController.swift */; };
		99E92D5E24819E9200188E04 /* AppDelegate.swift in Sources */ = {isa = PBXBuildFile; fileRef = 99E92D5D24819E9200188E04 /* AppDelegate.swift */; };
		99E92D6024819E9200188E04 /* SceneDelegate.swift in Sources */ = {isa = PBXBuildFile; fileRef = 99E92D5F24819E9200188E04 /* SceneDelegate.swift */; };
		99E92D6224819E9200188E04 /* DicesViewController.swift in Sources */ = {isa = PBXBuildFile; fileRef = 99E92D6124819E9200188E04 /* DicesViewController.swift */; };
		99E92D6524819E9200188E04 /* Main.storyboard in Resources */ = {isa = PBXBuildFile; fileRef = 99E92D6324819E9200188E04 /* Main.storyboard */; };
		99E92D6724819E9800188E04 /* Assets.xcassets in Resources */ = {isa = PBXBuildFile; fileRef = 99E92D6624819E9800188E04 /* Assets.xcassets */; };
		99E92D6A24819E9800188E04 /* LaunchScreen.storyboard in Resources */ = {isa = PBXBuildFile; fileRef = 99E92D6824819E9800188E04 /* LaunchScreen.storyboard */; };
		99E92D8024819E9800188E04 /* RpgDiceUITests.swift in Sources */ = {isa = PBXBuildFile; fileRef = 99E92D7F24819E9800188E04 /* RpgDiceUITests.swift */; };
/* End PBXBuildFile section */

/* Begin PBXContainerItemProxy section */
		99E92D7124819E9800188E04 /* PBXContainerItemProxy */ = {
			isa = PBXContainerItemProxy;
			containerPortal = 99E92D5224819E9100188E04 /* Project object */;
			proxyType = 1;
			remoteGlobalIDString = 99E92D5924819E9100188E04;
			remoteInfo = RpgDice;
		};
		99E92D7C24819E9800188E04 /* PBXContainerItemProxy */ = {
			isa = PBXContainerItemProxy;
			containerPortal = 99E92D5224819E9100188E04 /* Project object */;
			proxyType = 1;
			remoteGlobalIDString = 99E92D5924819E9100188E04;
			remoteInfo = RpgDice;
		};
/* End PBXContainerItemProxy section */

/* Begin PBXFileReference section */
		9926561B24E956AA006FD3C9 /* RacesResponse.swift */ = {isa = PBXFileReference; lastKnownFileType = sourcecode.swift; path = RacesResponse.swift; sourceTree = "<group>"; };
		9926561D24E959BF006FD3C9 /* SpellsReponse.swift */ = {isa = PBXFileReference; lastKnownFileType = sourcecode.swift; path = SpellsReponse.swift; sourceTree = "<group>"; };
		9927282224EAB47C00535E30 /* DiceTests.swift */ = {isa = PBXFileReference; lastKnownFileType = sourcecode.swift; path = DiceTests.swift; sourceTree = "<group>"; };
		9927282424EAB6A000535E30 /* HistoryTests.swift */ = {isa = PBXFileReference; lastKnownFileType = sourcecode.swift; path = HistoryTests.swift; sourceTree = "<group>"; };
		992A0C2024E1C81E00289108 /* DndAPI.swift */ = {isa = PBXFileReference; lastKnownFileType = sourcecode.swift; path = DndAPI.swift; sourceTree = "<group>"; };
		992A0C2224E1CA2C00289108 /* BaseResult.swift */ = {isa = PBXFileReference; lastKnownFileType = sourcecode.swift; path = BaseResult.swift; sourceTree = "<group>"; };
		992A0C2424E1CBE400289108 /* LibraryViewController.swift */ = {isa = PBXFileReference; lastKnownFileType = sourcecode.swift; path = LibraryViewController.swift; sourceTree = "<group>"; };
		99315C9124E7F9C50021AEC0 /* MonstersBookViewController.swift */ = {isa = PBXFileReference; lastKnownFileType = sourcecode.swift; path = MonstersBookViewController.swift; sourceTree = "<group>"; };
		99315C9324E7FBFF0021AEC0 /* MonsterResponse.swift */ = {isa = PBXFileReference; lastKnownFileType = sourcecode.swift; path = MonsterResponse.swift; sourceTree = "<group>"; };
		993C15E724E40983007B8376 /* AbilitiesBookViewController.swift */ = {isa = PBXFileReference; lastKnownFileType = sourcecode.swift; path = AbilitiesBookViewController.swift; sourceTree = "<group>"; };
		993C15E924E42F14007B8376 /* Category.swift */ = {isa = PBXFileReference; lastKnownFileType = sourcecode.swift; path = Category.swift; sourceTree = "<group>"; };
		993C15EB24E42F2A007B8376 /* ClassResponse.swift */ = {isa = PBXFileReference; lastKnownFileType = sourcecode.swift; path = ClassResponse.swift; sourceTree = "<group>"; };
		9970AA4D24E054510087C25F /* RpgDice.xcdatamodel */ = {isa = PBXFileReference; lastKnownFileType = wrapper.xcdatamodel; path = RpgDice.xcdatamodel; sourceTree = "<group>"; };
		9970AA5024E054FA0087C25F /* DataController.swift */ = {isa = PBXFileReference; lastKnownFileType = sourcecode.swift; path = DataController.swift; sourceTree = "<group>"; };
		9970AA5224E055A90087C25F /* FirstViewController.swift */ = {isa = PBXFileReference; lastKnownFileType = sourcecode.swift; path = FirstViewController.swift; sourceTree = "<group>"; };
		9970FB5324E02A4400E8FB63 /* README.md */ = {isa = PBXFileReference; lastKnownFileType = net.daringfireball.markdown; path = README.md; sourceTree = "<group>"; };
		99760F8224E96412002D1390 /* RacesBookViewController.swift */ = {isa = PBXFileReference; lastKnownFileType = sourcecode.swift; path = RacesBookViewController.swift; sourceTree = "<group>"; };
		99760F8424E976EB002D1390 /* SpellsBookViewController.swift */ = {isa = PBXFileReference; lastKnownFileType = sourcecode.swift; path = SpellsBookViewController.swift; sourceTree = "<group>"; };
		997EEFD224E4799500E95190 /* EquipmentResponse.swift */ = {isa = PBXFileReference; lastKnownFileType = sourcecode.swift; path = EquipmentResponse.swift; sourceTree = "<group>"; };
		997EEFD424E47A8000E95190 /* EquipBookViewController.swift */ = {isa = PBXFileReference; lastKnownFileType = sourcecode.swift; path = EquipBookViewController.swift; sourceTree = "<group>"; };
		9983054F24F436DF00A228DC /* LibraryTests.swift */ = {isa = PBXFileReference; lastKnownFileType = sourcecode.swift; path = LibraryTests.swift; sourceTree = "<group>"; };
		99A11FA024E432370076E6D3 /* ClassesBookViewController.swift */ = {isa = PBXFileReference; lastKnownFileType = sourcecode.swift; path = ClassesBookViewController.swift; sourceTree = "<group>"; };
		99AB9E5B24E3F3EB00D59A8F /* LinkedList.swift */ = {isa = PBXFileReference; lastKnownFileType = sourcecode.swift; path = LinkedList.swift; sourceTree = "<group>"; };
		99AB9E5E24E4024D00D59A8F /* AbilityScores.swift */ = {isa = PBXFileReference; lastKnownFileType = sourcecode.swift; path = AbilityScores.swift; sourceTree = "<group>"; };
		99C7978C24E0309A005C903E /* ResultsViewController.swift */ = {isa = PBXFileReference; lastKnownFileType = sourcecode.swift; path = ResultsViewController.swift; sourceTree = "<group>"; };
		99DEFB1324E05847006DAE22 /* HistoryViewController.swift */ = {isa = PBXFileReference; lastKnownFileType = sourcecode.swift; path = HistoryViewController.swift; sourceTree = "<group>"; };
		99E92D5A24819E9200188E04 /* RpgDice.app */ = {isa = PBXFileReference; explicitFileType = wrapper.application; includeInIndex = 0; path = RpgDice.app; sourceTree = BUILT_PRODUCTS_DIR; };
		99E92D5D24819E9200188E04 /* AppDelegate.swift */ = {isa = PBXFileReference; lastKnownFileType = sourcecode.swift; path = AppDelegate.swift; sourceTree = "<group>"; };
		99E92D5F24819E9200188E04 /* SceneDelegate.swift */ = {isa = PBXFileReference; lastKnownFileType = sourcecode.swift; path = SceneDelegate.swift; sourceTree = "<group>"; };
		99E92D6124819E9200188E04 /* DicesViewController.swift */ = {isa = PBXFileReference; lastKnownFileType = sourcecode.swift; path = DicesViewController.swift; sourceTree = "<group>"; };
		99E92D6424819E9200188E04 /* Base */ = {isa = PBXFileReference; lastKnownFileType = file.storyboard; name = Base; path = Base.lproj/Main.storyboard; sourceTree = "<group>"; };
		99E92D6624819E9800188E04 /* Assets.xcassets */ = {isa = PBXFileReference; lastKnownFileType = folder.assetcatalog; path = Assets.xcassets; sourceTree = "<group>"; };
		99E92D6924819E9800188E04 /* Base */ = {isa = PBXFileReference; lastKnownFileType = file.storyboard; name = Base; path = Base.lproj/LaunchScreen.storyboard; sourceTree = "<group>"; };
		99E92D6B24819E9800188E04 /* Info.plist */ = {isa = PBXFileReference; lastKnownFileType = text.plist.xml; path = Info.plist; sourceTree = "<group>"; };
		99E92D7024819E9800188E04 /* RpgDiceTests.xctest */ = {isa = PBXFileReference; explicitFileType = wrapper.cfbundle; includeInIndex = 0; path = RpgDiceTests.xctest; sourceTree = BUILT_PRODUCTS_DIR; };
		99E92D7624819E9800188E04 /* Info.plist */ = {isa = PBXFileReference; lastKnownFileType = text.plist.xml; path = Info.plist; sourceTree = "<group>"; };
		99E92D7B24819E9800188E04 /* RpgDiceUITests.xctest */ = {isa = PBXFileReference; explicitFileType = wrapper.cfbundle; includeInIndex = 0; path = RpgDiceUITests.xctest; sourceTree = BUILT_PRODUCTS_DIR; };
		99E92D7F24819E9800188E04 /* RpgDiceUITests.swift */ = {isa = PBXFileReference; lastKnownFileType = sourcecode.swift; path = RpgDiceUITests.swift; sourceTree = "<group>"; };
		99E92D8124819E9800188E04 /* Info.plist */ = {isa = PBXFileReference; lastKnownFileType = text.plist.xml; path = Info.plist; sourceTree = "<group>"; };
/* End PBXFileReference section */

/* Begin PBXFrameworksBuildPhase section */
		99E92D5724819E9100188E04 /* Frameworks */ = {
			isa = PBXFrameworksBuildPhase;
			buildActionMask = 2147483647;
			files = (
			);
			runOnlyForDeploymentPostprocessing = 0;
		};
		99E92D6D24819E9800188E04 /* Frameworks */ = {
			isa = PBXFrameworksBuildPhase;
			buildActionMask = 2147483647;
			files = (
			);
			runOnlyForDeploymentPostprocessing = 0;
		};
		99E92D7824819E9800188E04 /* Frameworks */ = {
			isa = PBXFrameworksBuildPhase;
			buildActionMask = 2147483647;
			files = (
			);
			runOnlyForDeploymentPostprocessing = 0;
		};
/* End PBXFrameworksBuildPhase section */

/* Begin PBXGroup section */
		992A0C1F24E1C71900289108 /* dnd5eapi */ = {
			isa = PBXGroup;
			children = (
				992A0C2024E1C81E00289108 /* DndAPI.swift */,
				99AB9E5D24E4023200D59A8F /* Responses */,
			);
			path = dnd5eapi;
			sourceTree = "<group>";
		};
		9970AA4F24E054570087C25F /* Model */ = {
			isa = PBXGroup;
			children = (
				992A0C1F24E1C71900289108 /* dnd5eapi */,
				9970AA4C24E054510087C25F /* RpgDice.xcdatamodeld */,
				9970AA5024E054FA0087C25F /* DataController.swift */,
				99AB9E5B24E3F3EB00D59A8F /* LinkedList.swift */,
			);
			path = Model;
			sourceTree = "<group>";
		};
		9970FB5024E01C1B00E8FB63 /* Controllers */ = {
			isa = PBXGroup;
			children = (
				9970AA5224E055A90087C25F /* FirstViewController.swift */,
				99A11FA324E432450076E6D3 /* Dice */,
				99A11FA224E4323C0076E6D3 /* Library */,
			);
			path = Controllers;
			sourceTree = "<group>";
		};
		9970FB5124E01C3900E8FB63 /* Views */ = {
			isa = PBXGroup;
			children = (
				99E92D6324819E9200188E04 /* Main.storyboard */,
				99E92D6624819E9800188E04 /* Assets.xcassets */,
				99E92D6824819E9800188E04 /* LaunchScreen.storyboard */,
			);
			path = Views;
			sourceTree = "<group>";
		};
		99A11FA224E4323C0076E6D3 /* Library */ = {
			isa = PBXGroup;
			children = (
				992A0C2424E1CBE400289108 /* LibraryViewController.swift */,
				993C15E724E40983007B8376 /* AbilitiesBookViewController.swift */,
				99A11FA024E432370076E6D3 /* ClassesBookViewController.swift */,
				997EEFD424E47A8000E95190 /* EquipBookViewController.swift */,
				99315C9124E7F9C50021AEC0 /* MonstersBookViewController.swift */,
				99760F8224E96412002D1390 /* RacesBookViewController.swift */,
				99760F8424E976EB002D1390 /* SpellsBookViewController.swift */,
			);
			path = Library;
			sourceTree = "<group>";
		};
		99A11FA324E432450076E6D3 /* Dice */ = {
			isa = PBXGroup;
			children = (
				99E92D6124819E9200188E04 /* DicesViewController.swift */,
				99C7978C24E0309A005C903E /* ResultsViewController.swift */,
				99DEFB1324E05847006DAE22 /* HistoryViewController.swift */,
			);
			path = Dice;
			sourceTree = "<group>";
		};
		99AB9E5D24E4023200D59A8F /* Responses */ = {
			isa = PBXGroup;
			children = (
				993C15E924E42F14007B8376 /* Category.swift */,
				992A0C2224E1CA2C00289108 /* BaseResult.swift */,
				99AB9E5E24E4024D00D59A8F /* AbilityScores.swift */,
				993C15EB24E42F2A007B8376 /* ClassResponse.swift */,
				997EEFD224E4799500E95190 /* EquipmentResponse.swift */,
				99315C9324E7FBFF0021AEC0 /* MonsterResponse.swift */,
				9926561B24E956AA006FD3C9 /* RacesResponse.swift */,
				9926561D24E959BF006FD3C9 /* SpellsReponse.swift */,
			);
			path = Responses;
			sourceTree = "<group>";
		};
		99E92D5124819E9100188E04 = {
			isa = PBXGroup;
			children = (
				99E92D5C24819E9200188E04 /* RpgDice */,
				99E92D7324819E9800188E04 /* RpgDiceTests */,
				99E92D7E24819E9800188E04 /* RpgDiceUITests */,
				99E92D5B24819E9200188E04 /* Products */,
			);
			sourceTree = "<group>";
		};
		99E92D5B24819E9200188E04 /* Products */ = {
			isa = PBXGroup;
			children = (
				99E92D5A24819E9200188E04 /* RpgDice.app */,
				99E92D7024819E9800188E04 /* RpgDiceTests.xctest */,
				99E92D7B24819E9800188E04 /* RpgDiceUITests.xctest */,
			);
			name = Products;
			sourceTree = "<group>";
		};
		99E92D5C24819E9200188E04 /* RpgDice */ = {
			isa = PBXGroup;
			children = (
				99E92D5D24819E9200188E04 /* AppDelegate.swift */,
				99E92D5F24819E9200188E04 /* SceneDelegate.swift */,
				9970AA4F24E054570087C25F /* Model */,
				9970FB5024E01C1B00E8FB63 /* Controllers */,
				9970FB5124E01C3900E8FB63 /* Views */,
				99E92D6B24819E9800188E04 /* Info.plist */,
				9970FB5324E02A4400E8FB63 /* README.md */,
			);
			path = RpgDice;
			sourceTree = "<group>";
		};
		99E92D7324819E9800188E04 /* RpgDiceTests */ = {
			isa = PBXGroup;
			children = (
				9927282224EAB47C00535E30 /* DiceTests.swift */,
				9927282424EAB6A000535E30 /* HistoryTests.swift */,
				9983054F24F436DF00A228DC /* LibraryTests.swift */,
				99E92D7624819E9800188E04 /* Info.plist */,
			);
			path = RpgDiceTests;
			sourceTree = "<group>";
		};
		99E92D7E24819E9800188E04 /* RpgDiceUITests */ = {
			isa = PBXGroup;
			children = (
				99E92D7F24819E9800188E04 /* RpgDiceUITests.swift */,
				99E92D8124819E9800188E04 /* Info.plist */,
			);
			path = RpgDiceUITests;
			sourceTree = "<group>";
		};
/* End PBXGroup section */

/* Begin PBXNativeTarget section */
		99E92D5924819E9100188E04 /* RpgDice */ = {
			isa = PBXNativeTarget;
			buildConfigurationList = 99E92D8424819E9800188E04 /* Build configuration list for PBXNativeTarget "RpgDice" */;
			buildPhases = (
				99E92D5624819E9100188E04 /* Sources */,
				99E92D5724819E9100188E04 /* Frameworks */,
				99E92D5824819E9100188E04 /* Resources */,
			);
			buildRules = (
			);
			dependencies = (
			);
			name = RpgDice;
			productName = RpgDice;
			productReference = 99E92D5A24819E9200188E04 /* RpgDice.app */;
			productType = "com.apple.product-type.application";
		};
		99E92D6F24819E9800188E04 /* RpgDiceTests */ = {
			isa = PBXNativeTarget;
			buildConfigurationList = 99E92D8724819E9800188E04 /* Build configuration list for PBXNativeTarget "RpgDiceTests" */;
			buildPhases = (
				99E92D6C24819E9800188E04 /* Sources */,
				99E92D6D24819E9800188E04 /* Frameworks */,
				99E92D6E24819E9800188E04 /* Resources */,
			);
			buildRules = (
			);
			dependencies = (
				99E92D7224819E9800188E04 /* PBXTargetDependency */,
			);
			name = RpgDiceTests;
			productName = RpgDiceTests;
			productReference = 99E92D7024819E9800188E04 /* RpgDiceTests.xctest */;
			productType = "com.apple.product-type.bundle.unit-test";
		};
		99E92D7A24819E9800188E04 /* RpgDiceUITests */ = {
			isa = PBXNativeTarget;
			buildConfigurationList = 99E92D8A24819E9800188E04 /* Build configuration list for PBXNativeTarget "RpgDiceUITests" */;
			buildPhases = (
				99E92D7724819E9800188E04 /* Sources */,
				99E92D7824819E9800188E04 /* Frameworks */,
				99E92D7924819E9800188E04 /* Resources */,
			);
			buildRules = (
			);
			dependencies = (
				99E92D7D24819E9800188E04 /* PBXTargetDependency */,
			);
			name = RpgDiceUITests;
			productName = RpgDiceUITests;
			productReference = 99E92D7B24819E9800188E04 /* RpgDiceUITests.xctest */;
			productType = "com.apple.product-type.bundle.ui-testing";
		};
/* End PBXNativeTarget section */

/* Begin PBXProject section */
		99E92D5224819E9100188E04 /* Project object */ = {
			isa = PBXProject;
			attributes = {
				LastSwiftUpdateCheck = 1150;
				LastUpgradeCheck = 1200;
				ORGANIZATIONNAME = "Henrique Abreu";
				TargetAttributes = {
					99E92D5924819E9100188E04 = {
						CreatedOnToolsVersion = 11.5;
					};
					99E92D6F24819E9800188E04 = {
						CreatedOnToolsVersion = 11.5;
						TestTargetID = 99E92D5924819E9100188E04;
					};
					99E92D7A24819E9800188E04 = {
						CreatedOnToolsVersion = 11.5;
						TestTargetID = 99E92D5924819E9100188E04;
					};
				};
			};
			buildConfigurationList = 99E92D5524819E9100188E04 /* Build configuration list for PBXProject "RpgDice" */;
			compatibilityVersion = "Xcode 9.3";
			developmentRegion = en;
			hasScannedForEncodings = 0;
			knownRegions = (
				en,
				Base,
			);
			mainGroup = 99E92D5124819E9100188E04;
			productRefGroup = 99E92D5B24819E9200188E04 /* Products */;
			projectDirPath = "";
			projectRoot = "";
			targets = (
				99E92D5924819E9100188E04 /* RpgDice */,
				99E92D6F24819E9800188E04 /* RpgDiceTests */,
				99E92D7A24819E9800188E04 /* RpgDiceUITests */,
			);
		};
/* End PBXProject section */

/* Begin PBXResourcesBuildPhase section */
		99E92D5824819E9100188E04 /* Resources */ = {
			isa = PBXResourcesBuildPhase;
			buildActionMask = 2147483647;
			files = (
				99E92D6A24819E9800188E04 /* LaunchScreen.storyboard in Resources */,
				99E92D6724819E9800188E04 /* Assets.xcassets in Resources */,
				99E92D6524819E9200188E04 /* Main.storyboard in Resources */,
			);
			runOnlyForDeploymentPostprocessing = 0;
		};
		99E92D6E24819E9800188E04 /* Resources */ = {
			isa = PBXResourcesBuildPhase;
			buildActionMask = 2147483647;
			files = (
			);
			runOnlyForDeploymentPostprocessing = 0;
		};
		99E92D7924819E9800188E04 /* Resources */ = {
			isa = PBXResourcesBuildPhase;
			buildActionMask = 2147483647;
			files = (
			);
			runOnlyForDeploymentPostprocessing = 0;
		};
/* End PBXResourcesBuildPhase section */

/* Begin PBXSourcesBuildPhase section */
		99E92D5624819E9100188E04 /* Sources */ = {
			isa = PBXSourcesBuildPhase;
			buildActionMask = 2147483647;
			files = (
				992A0C2124E1C81E00289108 /* DndAPI.swift in Sources */,
				99315C9424E7FBFF0021AEC0 /* MonsterResponse.swift in Sources */,
				992A0C2524E1CBE400289108 /* LibraryViewController.swift in Sources */,
				993C15EC24E42F2A007B8376 /* ClassResponse.swift in Sources */,
				992A0C2324E1CA2C00289108 /* BaseResult.swift in Sources */,
				993C15E824E40983007B8376 /* AbilitiesBookViewController.swift in Sources */,
				99E92D6224819E9200188E04 /* DicesViewController.swift in Sources */,
				9970AA5124E054FA0087C25F /* DataController.swift in Sources */,
				99760F8324E96412002D1390 /* RacesBookViewController.swift in Sources */,
				997EEFD324E4799500E95190 /* EquipmentResponse.swift in Sources */,
				99315C9224E7F9C50021AEC0 /* MonstersBookViewController.swift in Sources */,
				99E92D5E24819E9200188E04 /* AppDelegate.swift in Sources */,
				99760F8524E976EB002D1390 /* SpellsBookViewController.swift in Sources */,
				9926561C24E956AA006FD3C9 /* RacesResponse.swift in Sources */,
				99AB9E5C24E3F3EB00D59A8F /* LinkedList.swift in Sources */,
				99E92D6024819E9200188E04 /* SceneDelegate.swift in Sources */,
				99C7978D24E0309A005C903E /* ResultsViewController.swift in Sources */,
				99A11FA124E432370076E6D3 /* ClassesBookViewController.swift in Sources */,
				997EEFD524E47A8000E95190 /* EquipBookViewController.swift in Sources */,
				9970AA4E24E054510087C25F /* RpgDice.xcdatamodeld in Sources */,
				993C15EA24E42F14007B8376 /* Category.swift in Sources */,
				9926561E24E959BF006FD3C9 /* SpellsReponse.swift in Sources */,
				9970AA5324E055A90087C25F /* FirstViewController.swift in Sources */,
				99AB9E5F24E4024D00D59A8F /* AbilityScores.swift in Sources */,
				99DEFB1424E05847006DAE22 /* HistoryViewController.swift in Sources */,
			);
			runOnlyForDeploymentPostprocessing = 0;
		};
		99E92D6C24819E9800188E04 /* Sources */ = {
			isa = PBXSourcesBuildPhase;
			buildActionMask = 2147483647;
			files = (
				9927282324EAB47C00535E30 /* DiceTests.swift in Sources */,
				9983055024F436DF00A228DC /* LibraryTests.swift in Sources */,
				9927282624EAFD6700535E30 /* RpgDice.xcdatamodeld in Sources */,
				9927282524EAB6A000535E30 /* HistoryTests.swift in Sources */,
			);
			runOnlyForDeploymentPostprocessing = 0;
		};
		99E92D7724819E9800188E04 /* Sources */ = {
			isa = PBXSourcesBuildPhase;
			buildActionMask = 2147483647;
			files = (
				99E92D8024819E9800188E04 /* RpgDiceUITests.swift in Sources */,
			);
			runOnlyForDeploymentPostprocessing = 0;
		};
/* End PBXSourcesBuildPhase section */

/* Begin PBXTargetDependency section */
		99E92D7224819E9800188E04 /* PBXTargetDependency */ = {
			isa = PBXTargetDependency;
			target = 99E92D5924819E9100188E04 /* RpgDice */;
			targetProxy = 99E92D7124819E9800188E04 /* PBXContainerItemProxy */;
		};
		99E92D7D24819E9800188E04 /* PBXTargetDependency */ = {
			isa = PBXTargetDependency;
			target = 99E92D5924819E9100188E04 /* RpgDice */;
			targetProxy = 99E92D7C24819E9800188E04 /* PBXContainerItemProxy */;
		};
/* End PBXTargetDependency section */

/* Begin PBXVariantGroup section */
		99E92D6324819E9200188E04 /* Main.storyboard */ = {
			isa = PBXVariantGroup;
			children = (
				99E92D6424819E9200188E04 /* Base */,
			);
			name = Main.storyboard;
			sourceTree = "<group>";
		};
		99E92D6824819E9800188E04 /* LaunchScreen.storyboard */ = {
			isa = PBXVariantGroup;
			children = (
				99E92D6924819E9800188E04 /* Base */,
			);
			name = LaunchScreen.storyboard;
			sourceTree = "<group>";
		};
/* End PBXVariantGroup section */

/* Begin XCBuildConfiguration section */
		99E92D8224819E9800188E04 /* Debug */ = {
			isa = XCBuildConfiguration;
			buildSettings = {
				ALWAYS_SEARCH_USER_PATHS = NO;
				CLANG_ANALYZER_NONNULL = YES;
				CLANG_ANALYZER_NUMBER_OBJECT_CONVERSION = YES_AGGRESSIVE;
				CLANG_CXX_LANGUAGE_STANDARD = "gnu++14";
				CLANG_CXX_LIBRARY = "libc++";
				CLANG_ENABLE_MODULES = YES;
				CLANG_ENABLE_OBJC_ARC = YES;
				CLANG_ENABLE_OBJC_WEAK = YES;
				CLANG_WARN_BLOCK_CAPTURE_AUTORELEASING = YES;
				CLANG_WARN_BOOL_CONVERSION = YES;
				CLANG_WARN_COMMA = YES;
				CLANG_WARN_CONSTANT_CONVERSION = YES;
				CLANG_WARN_DEPRECATED_OBJC_IMPLEMENTATIONS = YES;
				CLANG_WARN_DIRECT_OBJC_ISA_USAGE = YES_ERROR;
				CLANG_WARN_DOCUMENTATION_COMMENTS = YES;
				CLANG_WARN_EMPTY_BODY = YES;
				CLANG_WARN_ENUM_CONVERSION = YES;
				CLANG_WARN_INFINITE_RECURSION = YES;
				CLANG_WARN_INT_CONVERSION = YES;
				CLANG_WARN_NON_LITERAL_NULL_CONVERSION = YES;
				CLANG_WARN_OBJC_IMPLICIT_RETAIN_SELF = YES;
				CLANG_WARN_OBJC_LITERAL_CONVERSION = YES;
				CLANG_WARN_OBJC_ROOT_CLASS = YES_ERROR;
				CLANG_WARN_QUOTED_INCLUDE_IN_FRAMEWORK_HEADER = YES;
				CLANG_WARN_RANGE_LOOP_ANALYSIS = YES;
				CLANG_WARN_STRICT_PROTOTYPES = YES;
				CLANG_WARN_SUSPICIOUS_MOVE = YES;
				CLANG_WARN_UNGUARDED_AVAILABILITY = YES_AGGRESSIVE;
				CLANG_WARN_UNREACHABLE_CODE = YES;
				CLANG_WARN__DUPLICATE_METHOD_MATCH = YES;
				COPY_PHASE_STRIP = NO;
				DEBUG_INFORMATION_FORMAT = dwarf;
				ENABLE_STRICT_OBJC_MSGSEND = YES;
				ENABLE_TESTABILITY = YES;
				GCC_C_LANGUAGE_STANDARD = gnu11;
				GCC_DYNAMIC_NO_PIC = NO;
				GCC_NO_COMMON_BLOCKS = YES;
				GCC_OPTIMIZATION_LEVEL = 0;
				GCC_PREPROCESSOR_DEFINITIONS = (
					"DEBUG=1",
					"$(inherited)",
				);
				GCC_WARN_64_TO_32_BIT_CONVERSION = YES;
				GCC_WARN_ABOUT_RETURN_TYPE = YES_ERROR;
				GCC_WARN_UNDECLARED_SELECTOR = YES;
				GCC_WARN_UNINITIALIZED_AUTOS = YES_AGGRESSIVE;
				GCC_WARN_UNUSED_FUNCTION = YES;
				GCC_WARN_UNUSED_VARIABLE = YES;
				IPHONEOS_DEPLOYMENT_TARGET = 13.5;
				MTL_ENABLE_DEBUG_INFO = INCLUDE_SOURCE;
				MTL_FAST_MATH = YES;
				ONLY_ACTIVE_ARCH = YES;
				SDKROOT = iphoneos;
				SWIFT_ACTIVE_COMPILATION_CONDITIONS = DEBUG;
				SWIFT_OPTIMIZATION_LEVEL = "-Onone";
			};
			name = Debug;
		};
		99E92D8324819E9800188E04 /* Release */ = {
			isa = XCBuildConfiguration;
			buildSettings = {
				ALWAYS_SEARCH_USER_PATHS = NO;
				CLANG_ANALYZER_NONNULL = YES;
				CLANG_ANALYZER_NUMBER_OBJECT_CONVERSION = YES_AGGRESSIVE;
				CLANG_CXX_LANGUAGE_STANDARD = "gnu++14";
				CLANG_CXX_LIBRARY = "libc++";
				CLANG_ENABLE_MODULES = YES;
				CLANG_ENABLE_OBJC_ARC = YES;
				CLANG_ENABLE_OBJC_WEAK = YES;
				CLANG_WARN_BLOCK_CAPTURE_AUTORELEASING = YES;
				CLANG_WARN_BOOL_CONVERSION = YES;
				CLANG_WARN_COMMA = YES;
				CLANG_WARN_CONSTANT_CONVERSION = YES;
				CLANG_WARN_DEPRECATED_OBJC_IMPLEMENTATIONS = YES;
				CLANG_WARN_DIRECT_OBJC_ISA_USAGE = YES_ERROR;
				CLANG_WARN_DOCUMENTATION_COMMENTS = YES;
				CLANG_WARN_EMPTY_BODY = YES;
				CLANG_WARN_ENUM_CONVERSION = YES;
				CLANG_WARN_INFINITE_RECURSION = YES;
				CLANG_WARN_INT_CONVERSION = YES;
				CLANG_WARN_NON_LITERAL_NULL_CONVERSION = YES;
				CLANG_WARN_OBJC_IMPLICIT_RETAIN_SELF = YES;
				CLANG_WARN_OBJC_LITERAL_CONVERSION = YES;
				CLANG_WARN_OBJC_ROOT_CLASS = YES_ERROR;
				CLANG_WARN_QUOTED_INCLUDE_IN_FRAMEWORK_HEADER = YES;
				CLANG_WARN_RANGE_LOOP_ANALYSIS = YES;
				CLANG_WARN_STRICT_PROTOTYPES = YES;
				CLANG_WARN_SUSPICIOUS_MOVE = YES;
				CLANG_WARN_UNGUARDED_AVAILABILITY = YES_AGGRESSIVE;
				CLANG_WARN_UNREACHABLE_CODE = YES;
				CLANG_WARN__DUPLICATE_METHOD_MATCH = YES;
				COPY_PHASE_STRIP = NO;
				DEBUG_INFORMATION_FORMAT = "dwarf-with-dsym";
				ENABLE_NS_ASSERTIONS = NO;
				ENABLE_STRICT_OBJC_MSGSEND = YES;
				GCC_C_LANGUAGE_STANDARD = gnu11;
				GCC_NO_COMMON_BLOCKS = YES;
				GCC_WARN_64_TO_32_BIT_CONVERSION = YES;
				GCC_WARN_ABOUT_RETURN_TYPE = YES_ERROR;
				GCC_WARN_UNDECLARED_SELECTOR = YES;
				GCC_WARN_UNINITIALIZED_AUTOS = YES_AGGRESSIVE;
				GCC_WARN_UNUSED_FUNCTION = YES;
				GCC_WARN_UNUSED_VARIABLE = YES;
				IPHONEOS_DEPLOYMENT_TARGET = 13.5;
				MTL_ENABLE_DEBUG_INFO = NO;
				MTL_FAST_MATH = YES;
				SDKROOT = iphoneos;
				SWIFT_COMPILATION_MODE = wholemodule;
				SWIFT_OPTIMIZATION_LEVEL = "-O";
				VALIDATE_PRODUCT = YES;
			};
			name = Release;
		};
		99E92D8524819E9800188E04 /* Debug */ = {
			isa = XCBuildConfiguration;
			buildSettings = {
				ASSETCATALOG_COMPILER_APPICON_NAME = AppIcon;
				CODE_SIGN_ENTITLEMENTS = RpgDice/RpgDice.entitlements;
				CODE_SIGN_STYLE = Automatic;
				DEVELOPMENT_TEAM = 4KY935XVWY;
				INFOPLIST_FILE = RpgDice/Info.plist;
				LD_RUNPATH_SEARCH_PATHS = (
					"$(inherited)",
					"@executable_path/Frameworks",
				);
				PRODUCT_BUNDLE_IDENTIFIER = "Nuclear-Zero.RpgDice";
				PRODUCT_NAME = "$(TARGET_NAME)";
				SWIFT_VERSION = 5.0;
				TARGETED_DEVICE_FAMILY = "1,2";
			};
			name = Debug;
		};
		99E92D8624819E9800188E04 /* Release */ = {
			isa = XCBuildConfiguration;
			buildSettings = {
				ASSETCATALOG_COMPILER_APPICON_NAME = AppIcon;
				CODE_SIGN_ENTITLEMENTS = RpgDice/RpgDice.entitlements;
				CODE_SIGN_STYLE = Automatic;
				DEVELOPMENT_TEAM = 4KY935XVWY;
				INFOPLIST_FILE = RpgDice/Info.plist;
				LD_RUNPATH_SEARCH_PATHS = (
					"$(inherited)",
					"@executable_path/Frameworks",
				);
				PRODUCT_BUNDLE_IDENTIFIER = "Nuclear-Zero.RpgDice";
				PRODUCT_NAME = "$(TARGET_NAME)";
				SWIFT_VERSION = 5.0;
				TARGETED_DEVICE_FAMILY = "1,2";
			};
			name = Release;
		};
		99E92D8824819E9800188E04 /* Debug */ = {
			isa = XCBuildConfiguration;
			buildSettings = {
				ALWAYS_EMBED_SWIFT_STANDARD_LIBRARIES = YES;
				BUNDLE_LOADER = "$(TEST_HOST)";
				CODE_SIGN_STYLE = Automatic;
				INFOPLIST_FILE = RpgDiceTests/Info.plist;
				IPHONEOS_DEPLOYMENT_TARGET = 13.5;
				LD_RUNPATH_SEARCH_PATHS = (
					"$(inherited)",
					"@executable_path/Frameworks",
					"@loader_path/Frameworks",
				);
				PRODUCT_BUNDLE_IDENTIFIER = "Nuclear-Zero.RpgDiceTests";
				PRODUCT_NAME = "$(TARGET_NAME)";
				SWIFT_VERSION = 5.0;
				TARGETED_DEVICE_FAMILY = "1,2";
				TEST_HOST = "$(BUILT_PRODUCTS_DIR)/RpgDice.app/RpgDice";
			};
			name = Debug;
		};
		99E92D8924819E9800188E04 /* Release */ = {
			isa = XCBuildConfiguration;
			buildSettings = {
				ALWAYS_EMBED_SWIFT_STANDARD_LIBRARIES = YES;
				BUNDLE_LOADER = "$(TEST_HOST)";
				CODE_SIGN_STYLE = Automatic;
				INFOPLIST_FILE = RpgDiceTests/Info.plist;
				IPHONEOS_DEPLOYMENT_TARGET = 13.5;
				LD_RUNPATH_SEARCH_PATHS = (
					"$(inherited)",
					"@executable_path/Frameworks",
					"@loader_path/Frameworks",
				);
				PRODUCT_BUNDLE_IDENTIFIER = "Nuclear-Zero.RpgDiceTests";
				PRODUCT_NAME = "$(TARGET_NAME)";
				SWIFT_VERSION = 5.0;
				TARGETED_DEVICE_FAMILY = "1,2";
				TEST_HOST = "$(BUILT_PRODUCTS_DIR)/RpgDice.app/RpgDice";
			};
			name = Release;
		};
		99E92D8B24819E9800188E04 /* Debug */ = {
			isa = XCBuildConfiguration;
			buildSettings = {
				ALWAYS_EMBED_SWIFT_STANDARD_LIBRARIES = YES;
				CODE_SIGN_STYLE = Automatic;
				INFOPLIST_FILE = RpgDiceUITests/Info.plist;
				LD_RUNPATH_SEARCH_PATHS = (
					"$(inherited)",
					"@executable_path/Frameworks",
					"@loader_path/Frameworks",
				);
				PRODUCT_BUNDLE_IDENTIFIER = "Nuclear-Zero.RpgDiceUITests";
				PRODUCT_NAME = "$(TARGET_NAME)";
				SWIFT_VERSION = 5.0;
				TARGETED_DEVICE_FAMILY = "1,2";
				TEST_TARGET_NAME = RpgDice;
			};
			name = Debug;
		};
		99E92D8C24819E9800188E04 /* Release */ = {
			isa = XCBuildConfiguration;
			buildSettings = {
				ALWAYS_EMBED_SWIFT_STANDARD_LIBRARIES = YES;
				CODE_SIGN_STYLE = Automatic;
				INFOPLIST_FILE = RpgDiceUITests/Info.plist;
				LD_RUNPATH_SEARCH_PATHS = (
					"$(inherited)",
					"@executable_path/Frameworks",
					"@loader_path/Frameworks",
				);
				PRODUCT_BUNDLE_IDENTIFIER = "Nuclear-Zero.RpgDiceUITests";
				PRODUCT_NAME = "$(TARGET_NAME)";
				SWIFT_VERSION = 5.0;
				TARGETED_DEVICE_FAMILY = "1,2";
				TEST_TARGET_NAME = RpgDice;
			};
			name = Release;
		};
/* End XCBuildConfiguration section */

/* Begin XCConfigurationList section */
		99E92D5524819E9100188E04 /* Build configuration list for PBXProject "RpgDice" */ = {
			isa = XCConfigurationList;
			buildConfigurations = (
				99E92D8224819E9800188E04 /* Debug */,
				99E92D8324819E9800188E04 /* Release */,
			);
			defaultConfigurationIsVisible = 0;
			defaultConfigurationName = Release;
		};
		99E92D8424819E9800188E04 /* Build configuration list for PBXNativeTarget "RpgDice" */ = {
			isa = XCConfigurationList;
			buildConfigurations = (
				99E92D8524819E9800188E04 /* Debug */,
				99E92D8624819E9800188E04 /* Release */,
			);
			defaultConfigurationIsVisible = 0;
			defaultConfigurationName = Release;
		};
		99E92D8724819E9800188E04 /* Build configuration list for PBXNativeTarget "RpgDiceTests" */ = {
			isa = XCConfigurationList;
			buildConfigurations = (
				99E92D8824819E9800188E04 /* Debug */,
				99E92D8924819E9800188E04 /* Release */,
			);
			defaultConfigurationIsVisible = 0;
			defaultConfigurationName = Release;
		};
		99E92D8A24819E9800188E04 /* Build configuration list for PBXNativeTarget "RpgDiceUITests" */ = {
			isa = XCConfigurationList;
			buildConfigurations = (
				99E92D8B24819E9800188E04 /* Debug */,
				99E92D8C24819E9800188E04 /* Release */,
			);
			defaultConfigurationIsVisible = 0;
			defaultConfigurationName = Release;
		};
/* End XCConfigurationList section */

/* Begin XCVersionGroup section */
		9970AA4C24E054510087C25F /* RpgDice.xcdatamodeld */ = {
			isa = XCVersionGroup;
			children = (
				9970AA4D24E054510087C25F /* RpgDice.xcdatamodel */,
			);
			currentVersion = 9970AA4D24E054510087C25F /* RpgDice.xcdatamodel */;
			path = RpgDice.xcdatamodeld;
			sourceTree = "<group>";
			versionGroupType = wrapper.xcdatamodel;
		};
/* End XCVersionGroup section */
	};
	rootObject = 99E92D5224819E9100188E04 /* Project object */;
}
